
Microsoft Visual Studio Solution File, Format Version 12.00
# Visual Studio 15
VisualStudioVersion = 15.0.28307.136
MinimumVisualStudioVersion = 10.0.40219.1
Project("{FAE04EC0-301F-11D3-BF4B-00C04F79EFBC}") = "RentACarOskar", "RentACarOskar\RentACarOskar.csproj", "{AD6A95B6-91FC-467A-80B6-FBB714D7A274}"
EndProject
Global
	GlobalSection(SolutionConfigurationPlatforms) = preSolution
		Debug|Any CPU = Debug|Any CPU
		Release|Any CPU = Release|Any CPU
	EndGlobalSection
	GlobalSection(ProjectConfigurationPlatforms) = postSolution
		{AD6A95B6-91FC-467A-80B6-FBB714D7A274}.Debug|Any CPU.ActiveCfg = Debug|Any CPU
		{AD6A95B6-91FC-467A-80B6-FBB714D7A274}.Debug|Any CPU.Build.0 = Debug|Any CPU
		{AD6A95B6-91FC-467A-80B6-FBB714D7A274}.Release|Any CPU.ActiveCfg = Release|Any CPU
		{AD6A95B6-91FC-467A-80B6-FBB714D7A274}.Release|Any CPU.Build.0 = Release|Any CPU
	EndGlobalSection
	GlobalSection(SolutionProperties) = preSolution
		HideSolutionNode = FALSE
	EndGlobalSection
	GlobalSection(ExtensibilityGlobals) = postSolution
		SolutionGuid = {98537C63-6C31-46EF-9D44-A9994078CA88}
	EndGlobalSection
EndGlobal
